
Microsoft Visual Studio Solution File, Format Version 12.00
# Visual Studio 15
VisualStudioVersion = 15.0.27130.2036
MinimumVisualStudioVersion = 10.0.40219.1
Project("{FAE04EC0-301F-11D3-BF4B-00C04F79EFBC}") = "SourabhPieShop", "SourabhPieShop\SourabhPieShop.csproj", "{C1C61C8A-5E25-4446-8D7D-C623CD049891}"
EndProject
Global
	GlobalSection(SolutionConfigurationPlatforms) = preSolution
		Debug|Any CPU = Debug|Any CPU
		Release|Any CPU = Release|Any CPU
	EndGlobalSection
	GlobalSection(ProjectConfigurationPlatforms) = postSolution
		{C1C61C8A-5E25-4446-8D7D-C623CD049891}.Debug|Any CPU.ActiveCfg = Debug|Any CPU
		{C1C61C8A-5E25-4446-8D7D-C623CD049891}.Debug|Any CPU.Build.0 = Debug|Any CPU
		{C1C61C8A-5E25-4446-8D7D-C623CD049891}.Release|Any CPU.ActiveCfg = Release|Any CPU
		{C1C61C8A-5E25-4446-8D7D-C623CD049891}.Release|Any CPU.Build.0 = Release|Any CPU
	EndGlobalSection
	GlobalSection(SolutionProperties) = preSolution
		HideSolutionNode = FALSE
	EndGlobalSection
	GlobalSection(ExtensibilityGlobals) = postSolution
		SolutionGuid = {853F97C4-E336-4773-B083-1796526E1D14}
	EndGlobalSection
EndGlobal
